// !$*UTF8*$!
{
	archiveVersion = 1;
	classes = {
	};
	objectVersion = 50;
	objects = {

/* Begin PBXBuildFile section */
		3DA912F022D37F38000DDA99 /* AppDelegate.swift in Sources */ = {isa = PBXBuildFile; fileRef = 3DA912EF22D37F38000DDA99 /* AppDelegate.swift */; };
		3DA912F222D37F38000DDA99 /* ViewController.swift in Sources */ = {isa = PBXBuildFile; fileRef = 3DA912F122D37F38000DDA99 /* ViewController.swift */; };
		3DA912F522D37F38000DDA99 /* Main.storyboard in Resources */ = {isa = PBXBuildFile; fileRef = 3DA912F322D37F38000DDA99 /* Main.storyboard */; };
		3DA912F722D37F39000DDA99 /* Assets.xcassets in Resources */ = {isa = PBXBuildFile; fileRef = 3DA912F622D37F39000DDA99 /* Assets.xcassets */; };
		3DA912FA22D37F39000DDA99 /* LaunchScreen.storyboard in Resources */ = {isa = PBXBuildFile; fileRef = 3DA912F822D37F39000DDA99 /* LaunchScreen.storyboard */; };
		3DA9130522D37F39000DDA99 /* shiftCalenderTests.swift in Sources */ = {isa = PBXBuildFile; fileRef = 3DA9130422D37F39000DDA99 /* shiftCalenderTests.swift */; };
		3DA9131022D37F39000DDA99 /* shiftCalenderUITests.swift in Sources */ = {isa = PBXBuildFile; fileRef = 3DA9130F22D37F39000DDA99 /* shiftCalenderUITests.swift */; };
/* End PBXBuildFile section */

/* Begin PBXContainerItemProxy section */
		3DA9130122D37F39000DDA99 /* PBXContainerItemProxy */ = {
			isa = PBXContainerItemProxy;
			containerPortal = 3DA912E422D37F38000DDA99 /* Project object */;
			proxyType = 1;
			remoteGlobalIDString = 3DA912EB22D37F38000DDA99;
			remoteInfo = shiftCalender;
		};
		3DA9130C22D37F39000DDA99 /* PBXContainerItemProxy */ = {
			isa = PBXContainerItemProxy;
			containerPortal = 3DA912E422D37F38000DDA99 /* Project object */;
			proxyType = 1;
			remoteGlobalIDString = 3DA912EB22D37F38000DDA99;
			remoteInfo = shiftCalender;
		};
/* End PBXContainerItemProxy section */

/* Begin PBXFileReference section */
		3DA912EC22D37F38000DDA99 /* shiftCalender.app */ = {isa = PBXFileReference; explicitFileType = wrapper.application; includeInIndex = 0; path = shiftCalender.app; sourceTree = BUILT_PRODUCTS_DIR; };
		3DA912EF22D37F38000DDA99 /* AppDelegate.swift */ = {isa = PBXFileReference; lastKnownFileType = sourcecode.swift; path = AppDelegate.swift; sourceTree = "<group>"; };
		3DA912F122D37F38000DDA99 /* ViewController.swift */ = {isa = PBXFileReference; lastKnownFileType = sourcecode.swift; path = ViewController.swift; sourceTree = "<group>"; };
		3DA912F422D37F38000DDA99 /* Base */ = {isa = PBXFileReference; lastKnownFileType = file.storyboard; name = Base; path = Base.lproj/Main.storyboard; sourceTree = "<group>"; };
		3DA912F622D37F39000DDA99 /* Assets.xcassets */ = {isa = PBXFileReference; lastKnownFileType = folder.assetcatalog; path = Assets.xcassets; sourceTree = "<group>"; };
		3DA912F922D37F39000DDA99 /* Base */ = {isa = PBXFileReference; lastKnownFileType = file.storyboard; name = Base; path = Base.lproj/LaunchScreen.storyboard; sourceTree = "<group>"; };
		3DA912FB22D37F39000DDA99 /* Info.plist */ = {isa = PBXFileReference; lastKnownFileType = text.plist.xml; path = Info.plist; sourceTree = "<group>"; };
		3DA9130022D37F39000DDA99 /* shiftCalenderTests.xctest */ = {isa = PBXFileReference; explicitFileType = wrapper.cfbundle; includeInIndex = 0; path = shiftCalenderTests.xctest; sourceTree = BUILT_PRODUCTS_DIR; };
		3DA9130422D37F39000DDA99 /* shiftCalenderTests.swift */ = {isa = PBXFileReference; lastKnownFileType = sourcecode.swift; path = shiftCalenderTests.swift; sourceTree = "<group>"; };
		3DA9130622D37F39000DDA99 /* Info.plist */ = {isa = PBXFileReference; lastKnownFileType = text.plist.xml; path = Info.plist; sourceTree = "<group>"; };
		3DA9130B22D37F39000DDA99 /* shiftCalenderUITests.xctest */ = {isa = PBXFileReference; explicitFileType = wrapper.cfbundle; includeInIndex = 0; path = shiftCalenderUITests.xctest; sourceTree = BUILT_PRODUCTS_DIR; };
		3DA9130F22D37F39000DDA99 /* shiftCalenderUITests.swift */ = {isa = PBXFileReference; lastKnownFileType = sourcecode.swift; path = shiftCalenderUITests.swift; sourceTree = "<group>"; };
		3DA9131122D37F39000DDA99 /* Info.plist */ = {isa = PBXFileReference; lastKnownFileType = text.plist.xml; path = Info.plist; sourceTree = "<group>"; };
/* End PBXFileReference section */

/* Begin PBXFrameworksBuildPhase section */
		3DA912E922D37F38000DDA99 /* Frameworks */ = {
			isa = PBXFrameworksBuildPhase;
			buildActionMask = 2147483647;
			files = (
			);
			runOnlyForDeploymentPostprocessing = 0;
		};
		3DA912FD22D37F39000DDA99 /* Frameworks */ = {
			isa = PBXFrameworksBuildPhase;
			buildActionMask = 2147483647;
			files = (
			);
			runOnlyForDeploymentPostprocessing = 0;
		};
		3DA9130822D37F39000DDA99 /* Frameworks */ = {
			isa = PBXFrameworksBuildPhase;
			buildActionMask = 2147483647;
			files = (
			);
			runOnlyForDeploymentPostprocessing = 0;
		};
/* End PBXFrameworksBuildPhase section */

/* Begin PBXGroup section */
		3DA912E322D37F38000DDA99 = {
			isa = PBXGroup;
			children = (
				3DA912EE22D37F38000DDA99 /* shiftCalender */,
				3DA9130322D37F39000DDA99 /* shiftCalenderTests */,
				3DA9130E22D37F39000DDA99 /* shiftCalenderUITests */,
				3DA912ED22D37F38000DDA99 /* Products */,
			);
			sourceTree = "<group>";
		};
		3DA912ED22D37F38000DDA99 /* Products */ = {
			isa = PBXGroup;
			children = (
				3DA912EC22D37F38000DDA99 /* shiftCalender.app */,
				3DA9130022D37F39000DDA99 /* shiftCalenderTests.xctest */,
				3DA9130B22D37F39000DDA99 /* shiftCalenderUITests.xctest */,
			);
			name = Products;
			sourceTree = "<group>";
		};
		3DA912EE22D37F38000DDA99 /* shiftCalender */ = {
			isa = PBXGroup;
			children = (
				3DA912EF22D37F38000DDA99 /* AppDelegate.swift */,
				3DA912F122D37F38000DDA99 /* ViewController.swift */,
				3DA912F322D37F38000DDA99 /* Main.storyboard */,
				3DA912F622D37F39000DDA99 /* Assets.xcassets */,
				3DA912F822D37F39000DDA99 /* LaunchScreen.storyboard */,
				3DA912FB22D37F39000DDA99 /* Info.plist */,
			);
			path = shiftCalender;
			sourceTree = "<group>";
		};
		3DA9130322D37F39000DDA99 /* shiftCalenderTests */ = {
			isa = PBXGroup;
			children = (
				3DA9130422D37F39000DDA99 /* shiftCalenderTests.swift */,
				3DA9130622D37F39000DDA99 /* Info.plist */,
			);
			path = shiftCalenderTests;
			sourceTree = "<group>";
		};
		3DA9130E22D37F39000DDA99 /* shiftCalenderUITests */ = {
			isa = PBXGroup;
			children = (
				3DA9130F22D37F39000DDA99 /* shiftCalenderUITests.swift */,
				3DA9131122D37F39000DDA99 /* Info.plist */,
			);
			path = shiftCalenderUITests;
			sourceTree = "<group>";
		};
/* End PBXGroup section */

/* Begin PBXNativeTarget section */
		3DA912EB22D37F38000DDA99 /* shiftCalender */ = {
			isa = PBXNativeTarget;
			buildConfigurationList = 3DA9131422D37F39000DDA99 /* Build configuration list for PBXNativeTarget "shiftCalender" */;
			buildPhases = (
				3DA912E822D37F38000DDA99 /* Sources */,
				3DA912E922D37F38000DDA99 /* Frameworks */,
				3DA912EA22D37F38000DDA99 /* Resources */,
			);
			buildRules = (
			);
			dependencies = (
			);
			name = shiftCalender;
			productName = shiftCalender;
			productReference = 3DA912EC22D37F38000DDA99 /* shiftCalender.app */;
			productType = "com.apple.product-type.application";
		};
		3DA912FF22D37F39000DDA99 /* shiftCalenderTests */ = {
			isa = PBXNativeTarget;
			buildConfigurationList = 3DA9131722D37F39000DDA99 /* Build configuration list for PBXNativeTarget "shiftCalenderTests" */;
			buildPhases = (
				3DA912FC22D37F39000DDA99 /* Sources */,
				3DA912FD22D37F39000DDA99 /* Frameworks */,
				3DA912FE22D37F39000DDA99 /* Resources */,
			);
			buildRules = (
			);
			dependencies = (
				3DA9130222D37F39000DDA99 /* PBXTargetDependency */,
			);
			name = shiftCalenderTests;
			productName = shiftCalenderTests;
			productReference = 3DA9130022D37F39000DDA99 /* shiftCalenderTests.xctest */;
			productType = "com.apple.product-type.bundle.unit-test";
		};
		3DA9130A22D37F39000DDA99 /* shiftCalenderUITests */ = {
			isa = PBXNativeTarget;
			buildConfigurationList = 3DA9131A22D37F39000DDA99 /* Build configuration list for PBXNativeTarget "shiftCalenderUITests" */;
			buildPhases = (
				3DA9130722D37F39000DDA99 /* Sources */,
				3DA9130822D37F39000DDA99 /* Frameworks */,
				3DA9130922D37F39000DDA99 /* Resources */,
			);
			buildRules = (
			);
			dependencies = (
				3DA9130D22D37F39000DDA99 /* PBXTargetDependency */,
			);
			name = shiftCalenderUITests;
			productName = shiftCalenderUITests;
			productReference = 3DA9130B22D37F39000DDA99 /* shiftCalenderUITests.xctest */;
			productType = "com.apple.product-type.bundle.ui-testing";
		};
/* End PBXNativeTarget section */

/* Begin PBXProject section */
		3DA912E422D37F38000DDA99 /* Project object */ = {
			isa = PBXProject;
			attributes = {
				LastSwiftUpdateCheck = 1020;
				LastUpgradeCheck = 1020;
				ORGANIZATIONNAME = Macaroni;
				TargetAttributes = {
					3DA912EB22D37F38000DDA99 = {
						CreatedOnToolsVersion = 10.2.1;
					};
					3DA912FF22D37F39000DDA99 = {
						CreatedOnToolsVersion = 10.2.1;
						TestTargetID = 3DA912EB22D37F38000DDA99;
					};
					3DA9130A22D37F39000DDA99 = {
						CreatedOnToolsVersion = 10.2.1;
						TestTargetID = 3DA912EB22D37F38000DDA99;
					};
				};
			};
			buildConfigurationList = 3DA912E722D37F38000DDA99 /* Build configuration list for PBXProject "shiftCalender" */;
			compatibilityVersion = "Xcode 9.3";
			developmentRegion = en;
			hasScannedForEncodings = 0;
			knownRegions = (
				en,
				Base,
			);
			mainGroup = 3DA912E322D37F38000DDA99;
			productRefGroup = 3DA912ED22D37F38000DDA99 /* Products */;
			projectDirPath = "";
			projectRoot = "";
			targets = (
				3DA912EB22D37F38000DDA99 /* shiftCalender */,
				3DA912FF22D37F39000DDA99 /* shiftCalenderTests */,
				3DA9130A22D37F39000DDA99 /* shiftCalenderUITests */,
			);
		};
/* End PBXProject section */

/* Begin PBXResourcesBuildPhase section */
		3DA912EA22D37F38000DDA99 /* Resources */ = {
			isa = PBXResourcesBuildPhase;
			buildActionMask = 2147483647;
			files = (
				3DA912FA22D37F39000DDA99 /* LaunchScreen.storyboard in Resources */,
				3DA912F722D37F39000DDA99 /* Assets.xcassets in Resources */,
				3DA912F522D37F38000DDA99 /* Main.storyboard in Resources */,
			);
			runOnlyForDeploymentPostprocessing = 0;
		};
		3DA912FE22D37F39000DDA99 /* Resources */ = {
			isa = PBXResourcesBuildPhase;
			buildActionMask = 2147483647;
			files = (
			);
			runOnlyForDeploymentPostprocessing = 0;
		};
		3DA9130922D37F39000DDA99 /* Resources */ = {
			isa = PBXResourcesBuildPhase;
			buildActionMask = 2147483647;
			files = (
			);
			runOnlyForDeploymentPostprocessing = 0;
		};
/* End PBXResourcesBuildPhase section */

/* Begin PBXSourcesBuildPhase section */
		3DA912E822D37F38000DDA99 /* Sources */ = {
			isa = PBXSourcesBuildPhase;
			buildActionMask = 2147483647;
			files = (
				3DA912F222D37F38000DDA99 /* ViewController.swift in Sources */,
				3DA912F022D37F38000DDA99 /* AppDelegate.swift in Sources */,
			);
			runOnlyForDeploymentPostprocessing = 0;
		};
		3DA912FC22D37F39000DDA99 /* Sources */ = {
			isa = PBXSourcesBuildPhase;
			buildActionMask = 2147483647;
			files = (
				3DA9130522D37F39000DDA99 /* shiftCalenderTests.swift in Sources */,
			);
			runOnlyForDeploymentPostprocessing = 0;
		};
		3DA9130722D37F39000DDA99 /* Sources */ = {
			isa = PBXSourcesBuildPhase;
			buildActionMask = 2147483647;
			files = (
				3DA9131022D37F39000DDA99 /* shiftCalenderUITests.swift in Sources */,
			);
			runOnlyForDeploymentPostprocessing = 0;
		};
/* End PBXSourcesBuildPhase section */

/* Begin PBXTargetDependency section */
		3DA9130222D37F39000DDA99 /* PBXTargetDependency */ = {
			isa = PBXTargetDependency;
			target = 3DA912EB22D37F38000DDA99 /* shiftCalender */;
			targetProxy = 3DA9130122D37F39000DDA99 /* PBXContainerItemProxy */;
		};
		3DA9130D22D37F39000DDA99 /* PBXTargetDependency */ = {
			isa = PBXTargetDependency;
			target = 3DA912EB22D37F38000DDA99 /* shiftCalender */;
			targetProxy = 3DA9130C22D37F39000DDA99 /* PBXContainerItemProxy */;
		};
/* End PBXTargetDependency section */

/* Begin PBXVariantGroup section */
		3DA912F322D37F38000DDA99 /* Main.storyboard */ = {
			isa = PBXVariantGroup;
			children = (
				3DA912F422D37F38000DDA99 /* Base */,
			);
			name = Main.storyboard;
			sourceTree = "<group>";
		};
		3DA912F822D37F39000DDA99 /* LaunchScreen.storyboard */ = {
			isa = PBXVariantGroup;
			children = (
				3DA912F922D37F39000DDA99 /* Base */,
			);
			name = LaunchScreen.storyboard;
			sourceTree = "<group>";
		};
/* End PBXVariantGroup section */

/* Begin XCBuildConfiguration section */
		3DA9131222D37F39000DDA99 /* Debug */ = {
			isa = XCBuildConfiguration;
			buildSettings = {
				ALWAYS_SEARCH_USER_PATHS = NO;
				CLANG_ANALYZER_NONNULL = YES;
				CLANG_ANALYZER_NUMBER_OBJECT_CONVERSION = YES_AGGRESSIVE;
				CLANG_CXX_LANGUAGE_STANDARD = "gnu++14";
				CLANG_CXX_LIBRARY = "libc++";
				CLANG_ENABLE_MODULES = YES;
				CLANG_ENABLE_OBJC_ARC = YES;
				CLANG_ENABLE_OBJC_WEAK = YES;
				CLANG_WARN_BLOCK_CAPTURE_AUTORELEASING = YES;
				CLANG_WARN_BOOL_CONVERSION = YES;
				CLANG_WARN_COMMA = YES;
				CLANG_WARN_CONSTANT_CONVERSION = YES;
				CLANG_WARN_DEPRECATED_OBJC_IMPLEMENTATIONS = YES;
				CLANG_WARN_DIRECT_OBJC_ISA_USAGE = YES_ERROR;
				CLANG_WARN_DOCUMENTATION_COMMENTS = YES;
				CLANG_WARN_EMPTY_BODY = YES;
				CLANG_WARN_ENUM_CONVERSION = YES;
				CLANG_WARN_INFINITE_RECURSION = YES;
				CLANG_WARN_INT_CONVERSION = YES;
				CLANG_WARN_NON_LITERAL_NULL_CONVERSION = YES;
				CLANG_WARN_OBJC_IMPLICIT_RETAIN_SELF = YES;
				CLANG_WARN_OBJC_LITERAL_CONVERSION = YES;
				CLANG_WARN_OBJC_ROOT_CLASS = YES_ERROR;
				CLANG_WARN_RANGE_LOOP_ANALYSIS = YES;
				CLANG_WARN_STRICT_PROTOTYPES = YES;
				CLANG_WARN_SUSPICIOUS_MOVE = YES;
				CLANG_WARN_UNGUARDED_AVAILABILITY = YES_AGGRESSIVE;
				CLANG_WARN_UNREACHABLE_CODE = YES;
				CLANG_WARN__DUPLICATE_METHOD_MATCH = YES;
				CODE_SIGN_IDENTITY = "iPhone Developer";
				COPY_PHASE_STRIP = NO;
				DEBUG_INFORMATION_FORMAT = dwarf;
				ENABLE_STRICT_OBJC_MSGSEND = YES;
				ENABLE_TESTABILITY = YES;
				GCC_C_LANGUAGE_STANDARD = gnu11;
				GCC_DYNAMIC_NO_PIC = NO;
				GCC_NO_COMMON_BLOCKS = YES;
				GCC_OPTIMIZATION_LEVEL = 0;
				GCC_PREPROCESSOR_DEFINITIONS = (
					"DEBUG=1",
					"$(inherited)",
				);
				GCC_WARN_64_TO_32_BIT_CONVERSION = YES;
				GCC_WARN_ABOUT_RETURN_TYPE = YES_ERROR;
				GCC_WARN_UNDECLARED_SELECTOR = YES;
				GCC_WARN_UNINITIALIZED_AUTOS = YES_AGGRESSIVE;
				GCC_WARN_UNUSED_FUNCTION = YES;
				GCC_WARN_UNUSED_VARIABLE = YES;
				IPHONEOS_DEPLOYMENT_TARGET = 12.2;
				MTL_ENABLE_DEBUG_INFO = INCLUDE_SOURCE;
				MTL_FAST_MATH = YES;
				ONLY_ACTIVE_ARCH = YES;
				SDKROOT = iphoneos;
				SWIFT_ACTIVE_COMPILATION_CONDITIONS = DEBUG;
				SWIFT_OPTIMIZATION_LEVEL = "-Onone";
			};
			name = Debug;
		};
		3DA9131322D37F39000DDA99 /* Release */ = {
			isa = XCBuildConfiguration;
			buildSettings = {
				ALWAYS_SEARCH_USER_PATHS = NO;
				CLANG_ANALYZER_NONNULL = YES;
				CLANG_ANALYZER_NUMBER_OBJECT_CONVERSION = YES_AGGRESSIVE;
				CLANG_CXX_LANGUAGE_STANDARD = "gnu++14";
				CLANG_CXX_LIBRARY = "libc++";
				CLANG_ENABLE_MODULES = YES;
				CLANG_ENABLE_OBJC_ARC = YES;
				CLANG_ENABLE_OBJC_WEAK = YES;
				CLANG_WARN_BLOCK_CAPTURE_AUTORELEASING = YES;
				CLANG_WARN_BOOL_CONVERSION = YES;
				CLANG_WARN_COMMA = YES;
				CLANG_WARN_CONSTANT_CONVERSION = YES;
				CLANG_WARN_DEPRECATED_OBJC_IMPLEMENTATIONS = YES;
				CLANG_WARN_DIRECT_OBJC_ISA_USAGE = YES_ERROR;
				CLANG_WARN_DOCUMENTATION_COMMENTS = YES;
				CLANG_WARN_EMPTY_BODY = YES;
				CLANG_WARN_ENUM_CONVERSION = YES;
				CLANG_WARN_INFINITE_RECURSION = YES;
				CLANG_WARN_INT_CONVERSION = YES;
				CLANG_WARN_NON_LITERAL_NULL_CONVERSION = YES;
				CLANG_WARN_OBJC_IMPLICIT_RETAIN_SELF = YES;
				CLANG_WARN_OBJC_LITERAL_CONVERSION = YES;
				CLANG_WARN_OBJC_ROOT_CLASS = YES_ERROR;
				CLANG_WARN_RANGE_LOOP_ANALYSIS = YES;
				CLANG_WARN_STRICT_PROTOTYPES = YES;
				CLANG_WARN_SUSPICIOUS_MOVE = YES;
				CLANG_WARN_UNGUARDED_AVAILABILITY = YES_AGGRESSIVE;
				CLANG_WARN_UNREACHABLE_CODE = YES;
				CLANG_WARN__DUPLICATE_METHOD_MATCH = YES;
				CODE_SIGN_IDENTITY = "iPhone Developer";
				COPY_PHASE_STRIP = NO;
				DEBUG_INFORMATION_FORMAT = "dwarf-with-dsym";
				ENABLE_NS_ASSERTIONS = NO;
				ENABLE_STRICT_OBJC_MSGSEND = YES;
				GCC_C_LANGUAGE_STANDARD = gnu11;
				GCC_NO_COMMON_BLOCKS = YES;
				GCC_WARN_64_TO_32_BIT_CONVERSION = YES;
				GCC_WARN_ABOUT_RETURN_TYPE = YES_ERROR;
				GCC_WARN_UNDECLARED_SELECTOR = YES;
				GCC_WARN_UNINITIALIZED_AUTOS = YES_AGGRESSIVE;
				GCC_WARN_UNUSED_FUNCTION = YES;
				GCC_WARN_UNUSED_VARIABLE = YES;
				IPHONEOS_DEPLOYMENT_TARGET = 12.2;
				MTL_ENABLE_DEBUG_INFO = NO;
				MTL_FAST_MATH = YES;
				SDKROOT = iphoneos;
				SWIFT_COMPILATION_MODE = wholemodule;
				SWIFT_OPTIMIZATION_LEVEL = "-O";
				VALIDATE_PRODUCT = YES;
			};
			name = Release;
		};
		3DA9131522D37F39000DDA99 /* Debug */ = {
			isa = XCBuildConfiguration;
			buildSettings = {
				ASSETCATALOG_COMPILER_APPICON_NAME = AppIcon;
				CODE_SIGN_STYLE = Automatic;
				DEVELOPMENT_TEAM = 3Y3DZ9KWXH;
				INFOPLIST_FILE = shiftCalender/Info.plist;
				LD_RUNPATH_SEARCH_PATHS = (
					"$(inherited)",
					"@executable_path/Frameworks",
				);
				PRODUCT_BUNDLE_IDENTIFIER = com.gmail.macaroni0213.shiftCalender;
				PRODUCT_NAME = "$(TARGET_NAME)";
				SWIFT_VERSION = 5.0;
				TARGETED_DEVICE_FAMILY = "1,2";
			};
			name = Debug;
		};
		3DA9131622D37F39000DDA99 /* Release */ = {
			isa = XCBuildConfiguration;
			buildSettings = {
				ASSETCATALOG_COMPILER_APPICON_NAME = AppIcon;
				CODE_SIGN_STYLE = Automatic;
				DEVELOPMENT_TEAM = 3Y3DZ9KWXH;
				INFOPLIST_FILE = shiftCalender/Info.plist;
				LD_RUNPATH_SEARCH_PATHS = (
					"$(inherited)",
					"@executable_path/Frameworks",
				);
				PRODUCT_BUNDLE_IDENTIFIER = com.gmail.macaroni0213.shiftCalender;
				PRODUCT_NAME = "$(TARGET_NAME)";
				SWIFT_VERSION = 5.0;
				TARGETED_DEVICE_FAMILY = "1,2";
			};
			name = Release;
		};
		3DA9131822D37F39000DDA99 /* Debug */ = {
			isa = XCBuildConfiguration;
			buildSettings = {
				ALWAYS_EMBED_SWIFT_STANDARD_LIBRARIES = YES;
				BUNDLE_LOADER = "$(TEST_HOST)";
				CODE_SIGN_STYLE = Automatic;
				DEVELOPMENT_TEAM = 3Y3DZ9KWXH;
				INFOPLIST_FILE = shiftCalenderTests/Info.plist;
				LD_RUNPATH_SEARCH_PATHS = (
					"$(inherited)",
					"@executable_path/Frameworks",
					"@loader_path/Frameworks",
				);
				PRODUCT_BUNDLE_IDENTIFIER = com.gmail.macaroni0213.shiftCalenderTests;
				PRODUCT_NAME = "$(TARGET_NAME)";
				SWIFT_VERSION = 5.0;
				TARGETED_DEVICE_FAMILY = "1,2";
				TEST_HOST = "$(BUILT_PRODUCTS_DIR)/shiftCalender.app/shiftCalender";
			};
			name = Debug;
		};
		3DA9131922D37F39000DDA99 /* Release */ = {
			isa = XCBuildConfiguration;
			buildSettings = {
				ALWAYS_EMBED_SWIFT_STANDARD_LIBRARIES = YES;
				BUNDLE_LOADER = "$(TEST_HOST)";
				CODE_SIGN_STYLE = Automatic;
				DEVELOPMENT_TEAM = 3Y3DZ9KWXH;
				INFOPLIST_FILE = shiftCalenderTests/Info.plist;
				LD_RUNPATH_SEARCH_PATHS = (
					"$(inherited)",
					"@executable_path/Frameworks",
					"@loader_path/Frameworks",
				);
				PRODUCT_BUNDLE_IDENTIFIER = com.gmail.macaroni0213.shiftCalenderTests;
				PRODUCT_NAME = "$(TARGET_NAME)";
				SWIFT_VERSION = 5.0;
				TARGETED_DEVICE_FAMILY = "1,2";
				TEST_HOST = "$(BUILT_PRODUCTS_DIR)/shiftCalender.app/shiftCalender";
			};
			name = Release;
		};
		3DA9131B22D37F39000DDA99 /* Debug */ = {
			isa = XCBuildConfiguration;
			buildSettings = {
				ALWAYS_EMBED_SWIFT_STANDARD_LIBRARIES = YES;
				CODE_SIGN_STYLE = Automatic;
				DEVELOPMENT_TEAM = 3Y3DZ9KWXH;
				INFOPLIST_FILE = shiftCalenderUITests/Info.plist;
				LD_RUNPATH_SEARCH_PATHS = (
					"$(inherited)",
					"@executable_path/Frameworks",
					"@loader_path/Frameworks",
				);
				PRODUCT_BUNDLE_IDENTIFIER = com.gmail.macaroni0213.shiftCalenderUITests;
				PRODUCT_NAME = "$(TARGET_NAME)";
				SWIFT_VERSION = 5.0;
				TARGETED_DEVICE_FAMILY = "1,2";
				TEST_TARGET_NAME = shiftCalender;
			};
			name = Debug;
		};
		3DA9131C22D37F39000DDA99 /* Release */ = {
			isa = XCBuildConfiguration;
			buildSettings = {
				ALWAYS_EMBED_SWIFT_STANDARD_LIBRARIES = YES;
				CODE_SIGN_STYLE = Automatic;
				DEVELOPMENT_TEAM = 3Y3DZ9KWXH;
				INFOPLIST_FILE = shiftCalenderUITests/Info.plist;
				LD_RUNPATH_SEARCH_PATHS = (
					"$(inherited)",
					"@executable_path/Frameworks",
					"@loader_path/Frameworks",
				);
				PRODUCT_BUNDLE_IDENTIFIER = com.gmail.macaroni0213.shiftCalenderUITests;
				PRODUCT_NAME = "$(TARGET_NAME)";
				SWIFT_VERSION = 5.0;
				TARGETED_DEVICE_FAMILY = "1,2";
				TEST_TARGET_NAME = shiftCalender;
			};
			name = Release;
		};
/* End XCBuildConfiguration section */

/* Begin XCConfigurationList section */
		3DA912E722D37F38000DDA99 /* Build configuration list for PBXProject "shiftCalender" */ = {
			isa = XCConfigurationList;
			buildConfigurations = (
				3DA9131222D37F39000DDA99 /* Debug */,
				3DA9131322D37F39000DDA99 /* Release */,
			);
			defaultConfigurationIsVisible = 0;
			defaultConfigurationName = Release;
		};
		3DA9131422D37F39000DDA99 /* Build configuration list for PBXNativeTarget "shiftCalender" */ = {
			isa = XCConfigurationList;
			buildConfigurations = (
				3DA9131522D37F39000DDA99 /* Debug */,
				3DA9131622D37F39000DDA99 /* Release */,
			);
			defaultConfigurationIsVisible = 0;
			defaultConfigurationName = Release;
		};
		3DA9131722D37F39000DDA99 /* Build configuration list for PBXNativeTarget "shiftCalenderTests" */ = {
			isa = XCConfigurationList;
			buildConfigurations = (
				3DA9131822D37F39000DDA99 /* Debug */,
				3DA9131922D37F39000DDA99 /* Release */,
			);
			defaultConfigurationIsVisible = 0;
			defaultConfigurationName = Release;
		};
		3DA9131A22D37F39000DDA99 /* Build configuration list for PBXNativeTarget "shiftCalenderUITests" */ = {
			isa = XCConfigurationList;
			buildConfigurations = (
				3DA9131B22D37F39000DDA99 /* Debug */,
				3DA9131C22D37F39000DDA99 /* Release */,
			);
			defaultConfigurationIsVisible = 0;
			defaultConfigurationName = Release;
		};
/* End XCConfigurationList section */
	};
	rootObject = 3DA912E422D37F38000DDA99 /* Project object */;
}
